
Microsoft Visual Studio Solution File, Format Version 12.00
# Visual Studio 16
Project("{FAE04EC0-301F-11D3-BF4B-00C04F79EFBC}") = "Assembly-CSharp", "Assembly-CSharp.csproj", "{5E04DA81-78F4-9FC3-3F19-378F00D40746}"
EndProject
Project("{FAE04EC0-301F-11D3-BF4B-00C04F79EFBC}") = "Assembly-CSharp-Editor", "Assembly-CSharp-Editor.csproj", "{27707984-1D68-5CC5-D5FA-3C5FCE356E2B}"
EndProject
Global
	GlobalSection(SolutionConfigurationPlatforms) = preSolution
		Debug|Any CPU = Debug|Any CPU
		Release|Any CPU = Release|Any CPU
	EndGlobalSection
	GlobalSection(ProjectConfigurationPlatforms) = postSolution
		{5E04DA81-78F4-9FC3-3F19-378F00D40746}.Debug|Any CPU.ActiveCfg = Debug|Any CPU
		{5E04DA81-78F4-9FC3-3F19-378F00D40746}.Debug|Any CPU.Build.0 = Debug|Any CPU
		{5E04DA81-78F4-9FC3-3F19-378F00D40746}.Release|Any CPU.ActiveCfg = Release|Any CPU
		{5E04DA81-78F4-9FC3-3F19-378F00D40746}.Release|Any CPU.Build.0 = Release|Any CPU
		{27707984-1D68-5CC5-D5FA-3C5FCE356E2B}.Debug|Any CPU.ActiveCfg = Debug|Any CPU
		{27707984-1D68-5CC5-D5FA-3C5FCE356E2B}.Debug|Any CPU.Build.0 = Debug|Any CPU
		{27707984-1D68-5CC5-D5FA-3C5FCE356E2B}.Release|Any CPU.ActiveCfg = Release|Any CPU
		{27707984-1D68-5CC5-D5FA-3C5FCE356E2B}.Release|Any CPU.Build.0 = Release|Any CPU
	EndGlobalSection
	GlobalSection(SolutionProperties) = preSolution
		HideSolutionNode = FALSE
	EndGlobalSection
	GlobalSection(MonoDevelopProperties) = preSolution
		StartupItem = Assembly-CSharp.csproj
	EndGlobalSection
EndGlobal
